
Microsoft Visual Studio Solution File, Format Version 12.00
# Visual Studio 14
VisualStudioVersion = 14.0.23107.0
MinimumVisualStudioVersion = 10.0.40219.1
Project("{FAE04EC0-301F-11D3-BF4B-00C04F79EFBC}") = "Калькулятор", "WindowsFormsApplication3\Калькулятор.csproj", "{141D1C82-F230-428B-901D-2E546FB1C327}"
EndProject
Global
	GlobalSection(SolutionConfigurationPlatforms) = preSolution
		Debug|Any CPU = Debug|Any CPU
		Release|Any CPU = Release|Any CPU
	EndGlobalSection
	GlobalSection(ProjectConfigurationPlatforms) = postSolution
		{141D1C82-F230-428B-901D-2E546FB1C327}.Debug|Any CPU.ActiveCfg = Debug|Any CPU
		{141D1C82-F230-428B-901D-2E546FB1C327}.Debug|Any CPU.Build.0 = Debug|Any CPU
		{141D1C82-F230-428B-901D-2E546FB1C327}.Release|Any CPU.ActiveCfg = Release|Any CPU
		{141D1C82-F230-428B-901D-2E546FB1C327}.Release|Any CPU.Build.0 = Release|Any CPU
	EndGlobalSection
	GlobalSection(SolutionProperties) = preSolution
		HideSolutionNode = FALSE
	EndGlobalSection
EndGlobal
